
Microsoft Visual Studio Solution File, Format Version 12.00
# Visual Studio Version 17
VisualStudioVersion = 17.0.31919.166
MinimumVisualStudioVersion = 10.0.40219.1
Project("{FAE04EC0-301F-11D3-BF4B-00C04F79EFBC}") = "AdventOfCodeDayTwelve", "AdventOfCodeDayTwelve\AdventOfCodeDayTwelve.csproj", "{53B39717-80F2-49FF-8D25-8BDAD4C77077}"
EndProject
Global
	GlobalSection(SolutionConfigurationPlatforms) = preSolution
		Debug|Any CPU = Debug|Any CPU
		Release|Any CPU = Release|Any CPU
	EndGlobalSection
	GlobalSection(ProjectConfigurationPlatforms) = postSolution
		{53B39717-80F2-49FF-8D25-8BDAD4C77077}.Debug|Any CPU.ActiveCfg = Debug|Any CPU
		{53B39717-80F2-49FF-8D25-8BDAD4C77077}.Debug|Any CPU.Build.0 = Debug|Any CPU
		{53B39717-80F2-49FF-8D25-8BDAD4C77077}.Release|Any CPU.ActiveCfg = Release|Any CPU
		{53B39717-80F2-49FF-8D25-8BDAD4C77077}.Release|Any CPU.Build.0 = Release|Any CPU
	EndGlobalSection
	GlobalSection(SolutionProperties) = preSolution
		HideSolutionNode = FALSE
	EndGlobalSection
	GlobalSection(ExtensibilityGlobals) = postSolution
		SolutionGuid = {4297379D-8FF9-4E1D-9D9D-8259908CB6C4}
	EndGlobalSection
EndGlobal
