
Microsoft Visual Studio Solution File, Format Version 12.00
# Visual Studio Version 17
VisualStudioVersion = 17.4.33103.184
MinimumVisualStudioVersion = 10.0.40219.1
Project("{9A19103F-16F7-4668-BE54-9A1E7A4F7556}") = "Day01", "Day01\Day01.csproj", "{8413971C-303B-4967-98CB-3009453D2EFE}"
EndProject
Project("{9A19103F-16F7-4668-BE54-9A1E7A4F7556}") = "Shared", "Shared\Shared.csproj", "{4133B114-90D9-489D-B78D-1F469D3BA61A}"
EndProject
Project("{9A19103F-16F7-4668-BE54-9A1E7A4F7556}") = "Day02", "Day02\Day02.csproj", "{2E768ED0-EF3B-4A8E-9C93-538C0007A396}"
EndProject
Project("{9A19103F-16F7-4668-BE54-9A1E7A4F7556}") = "Day03", "Day03\Day03.csproj", "{8FB13C97-D04A-4F20-986C-F952E4C5E1C0}"
EndProject
Project("{9A19103F-16F7-4668-BE54-9A1E7A4F7556}") = "Day04", "Day04\Day04.csproj", "{58A23529-5E21-4860-A7B6-A9E0E31D16F2}"
EndProject
Project("{9A19103F-16F7-4668-BE54-9A1E7A4F7556}") = "Day05", "Day05\Day05.csproj", "{947C069B-281D-42A3-9C41-8B6106F11A31}"
EndProject
Project("{9A19103F-16F7-4668-BE54-9A1E7A4F7556}") = "Day06", "Day06\Day06.csproj", "{A587CB27-CC94-41C8-B366-2440E5F925FF}"
EndProject
Global
	GlobalSection(SolutionConfigurationPlatforms) = preSolution
		Debug|Any CPU = Debug|Any CPU
		Release|Any CPU = Release|Any CPU
	EndGlobalSection
	GlobalSection(ProjectConfigurationPlatforms) = postSolution
		{8413971C-303B-4967-98CB-3009453D2EFE}.Debug|Any CPU.ActiveCfg = Debug|Any CPU
		{8413971C-303B-4967-98CB-3009453D2EFE}.Debug|Any CPU.Build.0 = Debug|Any CPU
		{8413971C-303B-4967-98CB-3009453D2EFE}.Release|Any CPU.ActiveCfg = Release|Any CPU
		{8413971C-303B-4967-98CB-3009453D2EFE}.Release|Any CPU.Build.0 = Release|Any CPU
		{4133B114-90D9-489D-B78D-1F469D3BA61A}.Debug|Any CPU.ActiveCfg = Debug|Any CPU
		{4133B114-90D9-489D-B78D-1F469D3BA61A}.Debug|Any CPU.Build.0 = Debug|Any CPU
		{4133B114-90D9-489D-B78D-1F469D3BA61A}.Release|Any CPU.ActiveCfg = Release|Any CPU
		{4133B114-90D9-489D-B78D-1F469D3BA61A}.Release|Any CPU.Build.0 = Release|Any CPU
		{2E768ED0-EF3B-4A8E-9C93-538C0007A396}.Debug|Any CPU.ActiveCfg = Debug|Any CPU
		{2E768ED0-EF3B-4A8E-9C93-538C0007A396}.Debug|Any CPU.Build.0 = Debug|Any CPU
		{2E768ED0-EF3B-4A8E-9C93-538C0007A396}.Release|Any CPU.ActiveCfg = Release|Any CPU
		{2E768ED0-EF3B-4A8E-9C93-538C0007A396}.Release|Any CPU.Build.0 = Release|Any CPU
		{8FB13C97-D04A-4F20-986C-F952E4C5E1C0}.Debug|Any CPU.ActiveCfg = Debug|Any CPU
		{8FB13C97-D04A-4F20-986C-F952E4C5E1C0}.Debug|Any CPU.Build.0 = Debug|Any CPU
		{8FB13C97-D04A-4F20-986C-F952E4C5E1C0}.Release|Any CPU.ActiveCfg = Release|Any CPU
		{8FB13C97-D04A-4F20-986C-F952E4C5E1C0}.Release|Any CPU.Build.0 = Release|Any CPU
		{58A23529-5E21-4860-A7B6-A9E0E31D16F2}.Debug|Any CPU.ActiveCfg = Debug|Any CPU
		{58A23529-5E21-4860-A7B6-A9E0E31D16F2}.Debug|Any CPU.Build.0 = Debug|Any CPU
		{58A23529-5E21-4860-A7B6-A9E0E31D16F2}.Release|Any CPU.ActiveCfg = Release|Any CPU
		{58A23529-5E21-4860-A7B6-A9E0E31D16F2}.Release|Any CPU.Build.0 = Release|Any CPU
		{947C069B-281D-42A3-9C41-8B6106F11A31}.Debug|Any CPU.ActiveCfg = Debug|Any CPU
		{947C069B-281D-42A3-9C41-8B6106F11A31}.Debug|Any CPU.Build.0 = Debug|Any CPU
		{947C069B-281D-42A3-9C41-8B6106F11A31}.Release|Any CPU.ActiveCfg = Release|Any CPU
		{947C069B-281D-42A3-9C41-8B6106F11A31}.Release|Any CPU.Build.0 = Release|Any CPU
		{A587CB27-CC94-41C8-B366-2440E5F925FF}.Debug|Any CPU.ActiveCfg = Debug|Any CPU
		{A587CB27-CC94-41C8-B366-2440E5F925FF}.Debug|Any CPU.Build.0 = Debug|Any CPU
		{A587CB27-CC94-41C8-B366-2440E5F925FF}.Release|Any CPU.ActiveCfg = Release|Any CPU
		{A587CB27-CC94-41C8-B366-2440E5F925FF}.Release|Any CPU.Build.0 = Release|Any CPU
	EndGlobalSection
	GlobalSection(SolutionProperties) = preSolution
		HideSolutionNode = FALSE
	EndGlobalSection
	GlobalSection(ExtensibilityGlobals) = postSolution
		SolutionGuid = {B42F94B1-224A-4FB0-B665-3920E86B90D1}
	EndGlobalSection
EndGlobal
