
Microsoft Visual Studio Solution File, Format Version 12.00
# Visual Studio Version 17
VisualStudioVersion = 17.0.31919.166
MinimumVisualStudioVersion = 10.0.40219.1
Project("{FAE04EC0-301F-11D3-BF4B-00C04F79EFBC}") = "AdventOfCodeDaySeven", "AdventOfCodeDaySeven\AdventOfCodeDaySeven.csproj", "{AAFFF1F9-898D-41BF-9165-AC732EF339F7}"
EndProject
Global
	GlobalSection(SolutionConfigurationPlatforms) = preSolution
		Debug|Any CPU = Debug|Any CPU
		Release|Any CPU = Release|Any CPU
	EndGlobalSection
	GlobalSection(ProjectConfigurationPlatforms) = postSolution
		{AAFFF1F9-898D-41BF-9165-AC732EF339F7}.Debug|Any CPU.ActiveCfg = Debug|Any CPU
		{AAFFF1F9-898D-41BF-9165-AC732EF339F7}.Debug|Any CPU.Build.0 = Debug|Any CPU
		{AAFFF1F9-898D-41BF-9165-AC732EF339F7}.Release|Any CPU.ActiveCfg = Release|Any CPU
		{AAFFF1F9-898D-41BF-9165-AC732EF339F7}.Release|Any CPU.Build.0 = Release|Any CPU
	EndGlobalSection
	GlobalSection(SolutionProperties) = preSolution
		HideSolutionNode = FALSE
	EndGlobalSection
	GlobalSection(ExtensibilityGlobals) = postSolution
		SolutionGuid = {B6461116-80FE-48CF-9A57-BF260EF32263}
	EndGlobalSection
EndGlobal
